
Microsoft Visual Studio Solution File, Format Version 12.00
# Visual Studio Version 17
VisualStudioVersion = 17.14.36109.1
MinimumVisualStudioVersion = 10.0.40219.1
Project("{FAE04EC0-301F-11D3-BF4B-00C04F79EFBC}") = "ReplayParsers", "ReplayParsers.csproj", "{776BDC9D-358E-4D5D-A861-F5ABF9299338}"
EndProject
Project("{FAE04EC0-301F-11D3-BF4B-00C04F79EFBC}") = "WpfApp1", "..\WpfApp1\WpfApp1.csproj", "{00F9177E-5BCF-404B-9B58-969B7081A5C9}"
EndProject
Global
	GlobalSection(SolutionConfigurationPlatforms) = preSolution
		Debug|Any CPU = Debug|Any CPU
		Release|Any CPU = Release|Any CPU
	EndGlobalSection
	GlobalSection(ProjectConfigurationPlatforms) = postSolution
		{776BDC9D-358E-4D5D-A861-F5ABF9299338}.Debug|Any CPU.ActiveCfg = Debug|Any CPU
		{776BDC9D-358E-4D5D-A861-F5ABF9299338}.Debug|Any CPU.Build.0 = Debug|Any CPU
		{776BDC9D-358E-4D5D-A861-F5ABF9299338}.Release|Any CPU.ActiveCfg = Release|Any CPU
		{776BDC9D-358E-4D5D-A861-F5ABF9299338}.Release|Any CPU.Build.0 = Release|Any CPU
		{00F9177E-5BCF-404B-9B58-969B7081A5C9}.Debug|Any CPU.ActiveCfg = Debug|Any CPU
		{00F9177E-5BCF-404B-9B58-969B7081A5C9}.Debug|Any CPU.Build.0 = Debug|Any CPU
		{00F9177E-5BCF-404B-9B58-969B7081A5C9}.Release|Any CPU.ActiveCfg = Release|Any CPU
		{00F9177E-5BCF-404B-9B58-969B7081A5C9}.Release|Any CPU.Build.0 = Release|Any CPU
	EndGlobalSection
	GlobalSection(SolutionProperties) = preSolution
		HideSolutionNode = FALSE
	EndGlobalSection
	GlobalSection(ExtensibilityGlobals) = postSolution
		SolutionGuid = {35D773BC-AED4-4863-9829-421F416072DA}
	EndGlobalSection
EndGlobal
